{
  "name": "dianc",
  "lockfileVersion": 2,
  "requires": true,
  "packages": {
    "": {
      "dependencies": {
        "goeasy": "^2.4.7",
        "moment": "^2.29.4"
      }
    },
    "node_modules/goeasy": {
      "version": "2.4.7",
      "resolved": "https://registry.npmmirror.com/goeasy/-/goeasy-2.4.7.tgz",
      "integrity": "sha512-kqHUWmZHFIN8wGpJBcaWl78JOYuV0B/B2uyWbnfmMxVMkqLm5tZblw2wsuin/ArnPl8IKhxJe94kUDfDvg7SaA=="
    },
    "node_modules/moment": {
      "version": "2.29.4",
      "resolved": "https://registry.npmmirror.com/moment/-/moment-2.29.4.tgz",
      "integrity": "sha512-5LC9SOxjSc2HF6vO2CyuTDNivEdoz2IvyJJGj6X8DJ0eFyfszE0QiEd+iXmBvUP3WHxSjFH/vIsA0EN00cgr8w==",
      "engines": {
        "node": "*"
      }
    }
  },
  "dependencies": {
    "goeasy": {
      "version": "2.4.7",
      "resolved": "https://registry.npmmirror.com/goeasy/-/goeasy-2.4.7.tgz",
      "integrity": "sha512-kqHUWmZHFIN8wGpJBcaWl78JOYuV0B/B2uyWbnfmMxVMkqLm5tZblw2wsuin/ArnPl8IKhxJe94kUDfDvg7SaA=="
    },
    "moment": {
      "version": "2.29.4",
      "resolved": "https://registry.npmmirror.com/moment/-/moment-2.29.4.tgz",
      "integrity": "sha512-5LC9SOxjSc2HF6vO2CyuTDNivEdoz2IvyJJGj6X8DJ0eFyfszE0QiEd+iXmBvUP3WHxSjFH/vIsA0EN00cgr8w=="
    }
  }
}
